
Microsoft Visual Studio Solution File, Format Version 12.00
# Visual Studio 2013
VisualStudioVersion = 12.0.31101.0
MinimumVisualStudioVersion = 10.0.40219.1
Project("{FAE04EC0-301F-11D3-BF4B-00C04F79EFBC}") = "Forum.CommandHandlers", "Forum.CommandHandlers\Forum.CommandHandlers.csproj", "{985E2001-F607-44BF-A84B-31E9B7D89D0C}"
EndProject
Project("{FAE04EC0-301F-11D3-BF4B-00C04F79EFBC}") = "Forum.QueryServices", "Forum.QueryServices\Forum.QueryServices.csproj", "{A0BC4AE4-1CAB-4CBF-9BFB-5365F04C60CE}"
EndProject
Project("{FAE04EC0-301F-11D3-BF4B-00C04F79EFBC}") = "Forum.Commands", "Forum.Commands\Forum.Commands.csproj", "{7787EC6C-9CF3-401C-803A-B4DA2B0CA9EF}"
EndProject
Project("{FAE04EC0-301F-11D3-BF4B-00C04F79EFBC}") = "Forum.Infrastructure", "Forum.Infrastructure\Forum.Infrastructure.csproj", "{86985782-8588-48DA-81AB-FFD3B855C73C}"
EndProject
Project("{FAE04EC0-301F-11D3-BF4B-00C04F79EFBC}") = "Forum.Denormalizers.Dapper", "Forum.Denormalizers.Dapper\Forum.Denormalizers.Dapper.csproj", "{433DD072-0748-4440-BA1B-4A0D6E507D3B}"
EndProject
Project("{FAE04EC0-301F-11D3-BF4B-00C04F79EFBC}") = "Forum.QueryServices.Dapper", "Forum.QueryServices.Dapper\Forum.QueryServices.Dapper.csproj", "{228E2C43-CD92-4B49-817D-3FBFBB9C50C4}"
EndProject
Project("{FAE04EC0-301F-11D3-BF4B-00C04F79EFBC}") = "Forum.Domain", "Forum.Domain\Forum.Domain.csproj", "{5A4055C3-89BC-4149-8A6D-06CE985080C9}"
EndProject
Project("{2150E333-8FDC-42A3-9474-1A3956D46DE8}") = "Hosts", "Hosts", "{9C48549C-7E4F-4D88-AAAE-6809D604D282}"
EndProject
Project("{FAE04EC0-301F-11D3-BF4B-00C04F79EFBC}") = "Forum.Web", "Forum.Web\Forum.Web.csproj", "{13DD445C-C062-43B7-AB77-FA4B86B513AA}"
EndProject
Project("{FAE04EC0-301F-11D3-BF4B-00C04F79EFBC}") = "Forum.CommandService", "Forum.CommandService\Forum.CommandService.csproj", "{6CE6AB8F-FA95-4E28-AF7C-45125E61609E}"
EndProject
Project("{FAE04EC0-301F-11D3-BF4B-00C04F79EFBC}") = "Forum.EventService", "Forum.EventService\Forum.EventService.csproj", "{B29D46C2-A4D4-492E-A154-03F7DF07BA86}"
EndProject
Project("{FAE04EC0-301F-11D3-BF4B-00C04F79EFBC}") = "Forum.Domain.Dapper", "Forum.Domain.Dapper\Forum.Domain.Dapper.csproj", "{6AD347F8-D02E-4AAA-A72B-C4AD93971986}"
EndProject
Project("{2150E333-8FDC-42A3-9474-1A3956D46DE8}") = "Scripts", "Scripts", "{F81032E5-B6FE-4697-93C4-53F5A54E8C82}"
	ProjectSection(SolutionItems) = preProject
		Scripts\InstallDB.sql = Scripts\InstallDB.sql
	EndProjectSection
EndProject
Project("{2150E333-8FDC-42A3-9474-1A3956D46DE8}") = "E", "E", "{E5F87917-3CD9-4DB3-9FD3-5C64574DDF61}"
EndProject
Project("{FAE04EC0-301F-11D3-BF4B-00C04F79EFBC}") = "ECommon", "..\ecommon\src\ECommon\ECommon.csproj", "{D60F17CE-FF99-42CD-AF71-97C157B17AF3}"
EndProject
Project("{FAE04EC0-301F-11D3-BF4B-00C04F79EFBC}") = "ECommon.Autofac", "..\ecommon\src\Extensions\ECommon.Autofac\ECommon.Autofac.csproj", "{1C523165-5CC7-497A-99D0-9E59E3110C54}"
EndProject
Project("{FAE04EC0-301F-11D3-BF4B-00C04F79EFBC}") = "ECommon.JsonNet", "..\ecommon\src\Extensions\ECommon.JsonNet\ECommon.JsonNet.csproj", "{A118C5A4-52C3-4659-860A-31EE526B0877}"
EndProject
Project("{FAE04EC0-301F-11D3-BF4B-00C04F79EFBC}") = "ECommon.Log4Net", "..\ecommon\src\Extensions\ECommon.Log4Net\ECommon.Log4Net.csproj", "{C69CF480-4B6B-4006-8C17-43054C1EBE1C}"
EndProject
Project("{FAE04EC0-301F-11D3-BF4B-00C04F79EFBC}") = "ENode", "..\enode\src\ENode\ENode.csproj", "{F884F01A-ED67-4F21-8576-FD2588491B24}"
EndProject
Project("{FAE04EC0-301F-11D3-BF4B-00C04F79EFBC}") = "Part.MQClient", "..\Part.MQClient\Part.MQClient.csproj", "{7B864415-E578-4B8E-8290-6A8C38E50C3B}"
EndProject
Project("{2150E333-8FDC-42A3-9474-1A3956D46DE8}") = "ForumLibs", "ForumLibs", "{81D678A4-0FEA-4C22-9EB4-443D8322E364}"
EndProject
Project("{FAE04EC0-301F-11D3-BF4B-00C04F79EFBC}") = "Forum.CompatibleStoreHandlers", "Forum.CompatibleStoreHandlers\Forum.CompatibleStoreHandlers.csproj", "{65BFC2F9-ACD8-468E-945F-222B7958AAB8}"
EndProject
Project("{FAE04EC0-301F-11D3-BF4B-00C04F79EFBC}") = "ENode.MQClient2", "..\enode\src\ENode.EQueue\ENode.MQClient2.csproj", "{8B5368E5-8518-4684-90EB-048DCBF76E9A}"
EndProject
Project("{FAE04EC0-301F-11D3-BF4B-00C04F79EFBC}") = "ECommon.Dapper", "..\ecommon\src\Extensions\ECommon.Dapper\ECommon.Dapper.csproj", "{01D042F4-AFF1-4F16-86EA-8D0EFB79C523}"
EndProject
Project("{FAE04EC0-301F-11D3-BF4B-00C04F79EFBC}") = "Forum.ProcessManagers", "Forum.ProcessManagers\Forum.ProcessManagers.csproj", "{9790A5C5-38E6-4318-97F1-A07E3B2CBD8D}"
EndProject
Global
	GlobalSection(SolutionConfigurationPlatforms) = preSolution
		Debug|Any CPU = Debug|Any CPU
		Release|Any CPU = Release|Any CPU
	EndGlobalSection
	GlobalSection(ProjectConfigurationPlatforms) = postSolution
		{985E2001-F607-44BF-A84B-31E9B7D89D0C}.Debug|Any CPU.ActiveCfg = Debug|Any CPU
		{985E2001-F607-44BF-A84B-31E9B7D89D0C}.Debug|Any CPU.Build.0 = Debug|Any CPU
		{985E2001-F607-44BF-A84B-31E9B7D89D0C}.Release|Any CPU.ActiveCfg = Release|Any CPU
		{985E2001-F607-44BF-A84B-31E9B7D89D0C}.Release|Any CPU.Build.0 = Release|Any CPU
		{A0BC4AE4-1CAB-4CBF-9BFB-5365F04C60CE}.Debug|Any CPU.ActiveCfg = Debug|Any CPU
		{A0BC4AE4-1CAB-4CBF-9BFB-5365F04C60CE}.Debug|Any CPU.Build.0 = Debug|Any CPU
		{A0BC4AE4-1CAB-4CBF-9BFB-5365F04C60CE}.Release|Any CPU.ActiveCfg = Release|Any CPU
		{A0BC4AE4-1CAB-4CBF-9BFB-5365F04C60CE}.Release|Any CPU.Build.0 = Release|Any CPU
		{7787EC6C-9CF3-401C-803A-B4DA2B0CA9EF}.Debug|Any CPU.ActiveCfg = Debug|Any CPU
		{7787EC6C-9CF3-401C-803A-B4DA2B0CA9EF}.Debug|Any CPU.Build.0 = Debug|Any CPU
		{7787EC6C-9CF3-401C-803A-B4DA2B0CA9EF}.Release|Any CPU.ActiveCfg = Release|Any CPU
		{7787EC6C-9CF3-401C-803A-B4DA2B0CA9EF}.Release|Any CPU.Build.0 = Release|Any CPU
		{86985782-8588-48DA-81AB-FFD3B855C73C}.Debug|Any CPU.ActiveCfg = Debug|Any CPU
		{86985782-8588-48DA-81AB-FFD3B855C73C}.Debug|Any CPU.Build.0 = Debug|Any CPU
		{86985782-8588-48DA-81AB-FFD3B855C73C}.Release|Any CPU.ActiveCfg = Release|Any CPU
		{86985782-8588-48DA-81AB-FFD3B855C73C}.Release|Any CPU.Build.0 = Release|Any CPU
		{433DD072-0748-4440-BA1B-4A0D6E507D3B}.Debug|Any CPU.ActiveCfg = Debug|Any CPU
		{433DD072-0748-4440-BA1B-4A0D6E507D3B}.Debug|Any CPU.Build.0 = Debug|Any CPU
		{433DD072-0748-4440-BA1B-4A0D6E507D3B}.Release|Any CPU.ActiveCfg = Release|Any CPU
		{433DD072-0748-4440-BA1B-4A0D6E507D3B}.Release|Any CPU.Build.0 = Release|Any CPU
		{228E2C43-CD92-4B49-817D-3FBFBB9C50C4}.Debug|Any CPU.ActiveCfg = Debug|Any CPU
		{228E2C43-CD92-4B49-817D-3FBFBB9C50C4}.Debug|Any CPU.Build.0 = Debug|Any CPU
		{228E2C43-CD92-4B49-817D-3FBFBB9C50C4}.Release|Any CPU.ActiveCfg = Release|Any CPU
		{228E2C43-CD92-4B49-817D-3FBFBB9C50C4}.Release|Any CPU.Build.0 = Release|Any CPU
		{5A4055C3-89BC-4149-8A6D-06CE985080C9}.Debug|Any CPU.ActiveCfg = Debug|Any CPU
		{5A4055C3-89BC-4149-8A6D-06CE985080C9}.Debug|Any CPU.Build.0 = Debug|Any CPU
		{5A4055C3-89BC-4149-8A6D-06CE985080C9}.Release|Any CPU.ActiveCfg = Release|Any CPU
		{5A4055C3-89BC-4149-8A6D-06CE985080C9}.Release|Any CPU.Build.0 = Release|Any CPU
		{13DD445C-C062-43B7-AB77-FA4B86B513AA}.Debug|Any CPU.ActiveCfg = Debug|Any CPU
		{13DD445C-C062-43B7-AB77-FA4B86B513AA}.Debug|Any CPU.Build.0 = Debug|Any CPU
		{13DD445C-C062-43B7-AB77-FA4B86B513AA}.Release|Any CPU.ActiveCfg = Release|Any CPU
		{13DD445C-C062-43B7-AB77-FA4B86B513AA}.Release|Any CPU.Build.0 = Release|Any CPU
		{6CE6AB8F-FA95-4E28-AF7C-45125E61609E}.Debug|Any CPU.ActiveCfg = Debug|Any CPU
		{6CE6AB8F-FA95-4E28-AF7C-45125E61609E}.Debug|Any CPU.Build.0 = Debug|Any CPU
		{6CE6AB8F-FA95-4E28-AF7C-45125E61609E}.Release|Any CPU.ActiveCfg = Release|Any CPU
		{6CE6AB8F-FA95-4E28-AF7C-45125E61609E}.Release|Any CPU.Build.0 = Release|Any CPU
		{B29D46C2-A4D4-492E-A154-03F7DF07BA86}.Debug|Any CPU.ActiveCfg = Debug|Any CPU
		{B29D46C2-A4D4-492E-A154-03F7DF07BA86}.Debug|Any CPU.Build.0 = Debug|Any CPU
		{B29D46C2-A4D4-492E-A154-03F7DF07BA86}.Release|Any CPU.ActiveCfg = Release|Any CPU
		{B29D46C2-A4D4-492E-A154-03F7DF07BA86}.Release|Any CPU.Build.0 = Release|Any CPU
		{6AD347F8-D02E-4AAA-A72B-C4AD93971986}.Debug|Any CPU.ActiveCfg = Debug|Any CPU
		{6AD347F8-D02E-4AAA-A72B-C4AD93971986}.Debug|Any CPU.Build.0 = Debug|Any CPU
		{6AD347F8-D02E-4AAA-A72B-C4AD93971986}.Release|Any CPU.ActiveCfg = Release|Any CPU
		{6AD347F8-D02E-4AAA-A72B-C4AD93971986}.Release|Any CPU.Build.0 = Release|Any CPU
		{D60F17CE-FF99-42CD-AF71-97C157B17AF3}.Debug|Any CPU.ActiveCfg = Debug|Any CPU
		{D60F17CE-FF99-42CD-AF71-97C157B17AF3}.Debug|Any CPU.Build.0 = Debug|Any CPU
		{D60F17CE-FF99-42CD-AF71-97C157B17AF3}.Release|Any CPU.ActiveCfg = Release|Any CPU
		{D60F17CE-FF99-42CD-AF71-97C157B17AF3}.Release|Any CPU.Build.0 = Release|Any CPU
		{1C523165-5CC7-497A-99D0-9E59E3110C54}.Debug|Any CPU.ActiveCfg = Debug|Any CPU
		{1C523165-5CC7-497A-99D0-9E59E3110C54}.Debug|Any CPU.Build.0 = Debug|Any CPU
		{1C523165-5CC7-497A-99D0-9E59E3110C54}.Release|Any CPU.ActiveCfg = Release|Any CPU
		{1C523165-5CC7-497A-99D0-9E59E3110C54}.Release|Any CPU.Build.0 = Release|Any CPU
		{A118C5A4-52C3-4659-860A-31EE526B0877}.Debug|Any CPU.ActiveCfg = Debug|Any CPU
		{A118C5A4-52C3-4659-860A-31EE526B0877}.Debug|Any CPU.Build.0 = Debug|Any CPU
		{A118C5A4-52C3-4659-860A-31EE526B0877}.Release|Any CPU.ActiveCfg = Release|Any CPU
		{A118C5A4-52C3-4659-860A-31EE526B0877}.Release|Any CPU.Build.0 = Release|Any CPU
		{C69CF480-4B6B-4006-8C17-43054C1EBE1C}.Debug|Any CPU.ActiveCfg = Debug|Any CPU
		{C69CF480-4B6B-4006-8C17-43054C1EBE1C}.Debug|Any CPU.Build.0 = Debug|Any CPU
		{C69CF480-4B6B-4006-8C17-43054C1EBE1C}.Release|Any CPU.ActiveCfg = Release|Any CPU
		{C69CF480-4B6B-4006-8C17-43054C1EBE1C}.Release|Any CPU.Build.0 = Release|Any CPU
		{F884F01A-ED67-4F21-8576-FD2588491B24}.Debug|Any CPU.ActiveCfg = Debug|Any CPU
		{F884F01A-ED67-4F21-8576-FD2588491B24}.Debug|Any CPU.Build.0 = Debug|Any CPU
		{F884F01A-ED67-4F21-8576-FD2588491B24}.Release|Any CPU.ActiveCfg = Release|Any CPU
		{F884F01A-ED67-4F21-8576-FD2588491B24}.Release|Any CPU.Build.0 = Release|Any CPU
		{7B864415-E578-4B8E-8290-6A8C38E50C3B}.Debug|Any CPU.ActiveCfg = Debug|Any CPU
		{7B864415-E578-4B8E-8290-6A8C38E50C3B}.Debug|Any CPU.Build.0 = Debug|Any CPU
		{7B864415-E578-4B8E-8290-6A8C38E50C3B}.Release|Any CPU.ActiveCfg = Release|Any CPU
		{7B864415-E578-4B8E-8290-6A8C38E50C3B}.Release|Any CPU.Build.0 = Release|Any CPU
		{65BFC2F9-ACD8-468E-945F-222B7958AAB8}.Debug|Any CPU.ActiveCfg = Debug|Any CPU
		{65BFC2F9-ACD8-468E-945F-222B7958AAB8}.Debug|Any CPU.Build.0 = Debug|Any CPU
		{65BFC2F9-ACD8-468E-945F-222B7958AAB8}.Release|Any CPU.ActiveCfg = Release|Any CPU
		{65BFC2F9-ACD8-468E-945F-222B7958AAB8}.Release|Any CPU.Build.0 = Release|Any CPU
		{8B5368E5-8518-4684-90EB-048DCBF76E9A}.Debug|Any CPU.ActiveCfg = Debug|Any CPU
		{8B5368E5-8518-4684-90EB-048DCBF76E9A}.Debug|Any CPU.Build.0 = Debug|Any CPU
		{8B5368E5-8518-4684-90EB-048DCBF76E9A}.Release|Any CPU.ActiveCfg = Release|Any CPU
		{8B5368E5-8518-4684-90EB-048DCBF76E9A}.Release|Any CPU.Build.0 = Release|Any CPU
		{01D042F4-AFF1-4F16-86EA-8D0EFB79C523}.Debug|Any CPU.ActiveCfg = Debug|Any CPU
		{01D042F4-AFF1-4F16-86EA-8D0EFB79C523}.Debug|Any CPU.Build.0 = Debug|Any CPU
		{01D042F4-AFF1-4F16-86EA-8D0EFB79C523}.Release|Any CPU.ActiveCfg = Release|Any CPU
		{01D042F4-AFF1-4F16-86EA-8D0EFB79C523}.Release|Any CPU.Build.0 = Release|Any CPU
		{9790A5C5-38E6-4318-97F1-A07E3B2CBD8D}.Debug|Any CPU.ActiveCfg = Debug|Any CPU
		{9790A5C5-38E6-4318-97F1-A07E3B2CBD8D}.Debug|Any CPU.Build.0 = Debug|Any CPU
		{9790A5C5-38E6-4318-97F1-A07E3B2CBD8D}.Release|Any CPU.ActiveCfg = Release|Any CPU
		{9790A5C5-38E6-4318-97F1-A07E3B2CBD8D}.Release|Any CPU.Build.0 = Release|Any CPU
	EndGlobalSection
	GlobalSection(SolutionProperties) = preSolution
		HideSolutionNode = FALSE
	EndGlobalSection
	GlobalSection(NestedProjects) = preSolution
		{985E2001-F607-44BF-A84B-31E9B7D89D0C} = {81D678A4-0FEA-4C22-9EB4-443D8322E364}
		{A0BC4AE4-1CAB-4CBF-9BFB-5365F04C60CE} = {81D678A4-0FEA-4C22-9EB4-443D8322E364}
		{7787EC6C-9CF3-401C-803A-B4DA2B0CA9EF} = {81D678A4-0FEA-4C22-9EB4-443D8322E364}
		{86985782-8588-48DA-81AB-FFD3B855C73C} = {81D678A4-0FEA-4C22-9EB4-443D8322E364}
		{433DD072-0748-4440-BA1B-4A0D6E507D3B} = {81D678A4-0FEA-4C22-9EB4-443D8322E364}
		{228E2C43-CD92-4B49-817D-3FBFBB9C50C4} = {81D678A4-0FEA-4C22-9EB4-443D8322E364}
		{5A4055C3-89BC-4149-8A6D-06CE985080C9} = {81D678A4-0FEA-4C22-9EB4-443D8322E364}
		{13DD445C-C062-43B7-AB77-FA4B86B513AA} = {9C48549C-7E4F-4D88-AAAE-6809D604D282}
		{6CE6AB8F-FA95-4E28-AF7C-45125E61609E} = {9C48549C-7E4F-4D88-AAAE-6809D604D282}
		{B29D46C2-A4D4-492E-A154-03F7DF07BA86} = {9C48549C-7E4F-4D88-AAAE-6809D604D282}
		{6AD347F8-D02E-4AAA-A72B-C4AD93971986} = {81D678A4-0FEA-4C22-9EB4-443D8322E364}
		{F81032E5-B6FE-4697-93C4-53F5A54E8C82} = {9C48549C-7E4F-4D88-AAAE-6809D604D282}
		{D60F17CE-FF99-42CD-AF71-97C157B17AF3} = {E5F87917-3CD9-4DB3-9FD3-5C64574DDF61}
		{1C523165-5CC7-497A-99D0-9E59E3110C54} = {E5F87917-3CD9-4DB3-9FD3-5C64574DDF61}
		{A118C5A4-52C3-4659-860A-31EE526B0877} = {E5F87917-3CD9-4DB3-9FD3-5C64574DDF61}
		{C69CF480-4B6B-4006-8C17-43054C1EBE1C} = {E5F87917-3CD9-4DB3-9FD3-5C64574DDF61}
		{F884F01A-ED67-4F21-8576-FD2588491B24} = {E5F87917-3CD9-4DB3-9FD3-5C64574DDF61}
		{7B864415-E578-4B8E-8290-6A8C38E50C3B} = {E5F87917-3CD9-4DB3-9FD3-5C64574DDF61}
		{65BFC2F9-ACD8-468E-945F-222B7958AAB8} = {81D678A4-0FEA-4C22-9EB4-443D8322E364}
		{8B5368E5-8518-4684-90EB-048DCBF76E9A} = {E5F87917-3CD9-4DB3-9FD3-5C64574DDF61}
		{01D042F4-AFF1-4F16-86EA-8D0EFB79C523} = {E5F87917-3CD9-4DB3-9FD3-5C64574DDF61}
		{9790A5C5-38E6-4318-97F1-A07E3B2CBD8D} = {81D678A4-0FEA-4C22-9EB4-443D8322E364}
	EndGlobalSection
EndGlobal
